
Microsoft Visual Studio Solution File, Format Version 12.00
# Visual Studio Version 16
VisualStudioVersion = 16.0.29503.13
MinimumVisualStudioVersion = 10.0.40219.1
Project("{9A19103F-16F7-4668-BE54-9A1E7A4F7556}") = "Epam.Trainings", "Epam.Trainings\Epam.Trainings.csproj", "{54D6B8CE-C3B1-414A-884F-C7BD6ECA7817}"
EndProject
Project("{9A19103F-16F7-4668-BE54-9A1E7A4F7556}") = "Training_1", "Training_1\Training_1.csproj", "{6C3BBD0C-4CD4-49F8-ADD6-4D84AF4B77A2}"
EndProject
Project("{9A19103F-16F7-4668-BE54-9A1E7A4F7556}") = "TrainingRunners", "TrainingRunners\TrainingRunners.csproj", "{508BBD1B-DA23-4AFD-AA35-8CA66B2F7EEA}"
EndProject
Project("{9A19103F-16F7-4668-BE54-9A1E7A4F7556}") = "Training_2", "Training_2\Training_2.csproj", "{AB71F152-EEF8-4B7A-A1EA-73E7A3EB2789}"
EndProject
Project("{9A19103F-16F7-4668-BE54-9A1E7A4F7556}") = "Training_3", "Training_3\Training_3.csproj", "{8EF72FD9-C9D9-4C63-939E-DFE062F41D5D}"
EndProject
Project("{9A19103F-16F7-4668-BE54-9A1E7A4F7556}") = "InputReaders", "InputReaders\InputReaders.csproj", "{73D3F140-2B8C-49D6-AAF4-B673014858B6}"
EndProject
Project("{9A19103F-16F7-4668-BE54-9A1E7A4F7556}") = "OutputWriters", "OutputWriters\OutputWriters.csproj", "{E5A601A4-CF47-43E7-A398-9403284C1B09}"
EndProject
Project("{9A19103F-16F7-4668-BE54-9A1E7A4F7556}") = "Logger", "Logger\Logger.csproj", "{5AAF211D-DEFD-42C4-8A93-6E3A5369C17B}"
EndProject
Project("{9A19103F-16F7-4668-BE54-9A1E7A4F7556}") = "Training_4", "Training_4\Training_4.csproj", "{31BB7419-B235-44DF-A1BB-4D7C86EC27FF}"
EndProject
Project("{9A19103F-16F7-4668-BE54-9A1E7A4F7556}") = "Training_5", "Training_5\Training_5.csproj", "{A0F2564A-1C5E-4F7C-B26E-6D7C80D09C58}"
EndProject
Project("{9A19103F-16F7-4668-BE54-9A1E7A4F7556}") = "Training_6", "Training_6\Training_6.csproj", "{3D104736-F538-4657-97A9-40E8D080933A}"
EndProject
Project("{9A19103F-16F7-4668-BE54-9A1E7A4F7556}") = "Training_7", "Training_7\Training_7.csproj", "{01C0235D-FA75-499B-AF1B-46B31AEC7973}"
EndProject
Project("{9A19103F-16F7-4668-BE54-9A1E7A4F7556}") = "IoCContainer", "IoCContainer\IoCContainer.csproj", "{B6403C82-166A-41B2-A667-5A067143190B}"
EndProject
Project("{9A19103F-16F7-4668-BE54-9A1E7A4F7556}") = "Epam.Trainings.Tests", "Epam.Training.Tests\Epam.Trainings.Tests.csproj", "{ABF1C1E9-DD7D-4847-AB84-84E77C250F36}"
EndProject
Project("{9A19103F-16F7-4668-BE54-9A1E7A4F7556}") = "Training_8", "Training_8\Training_8.csproj", "{8B83CA68-31FD-4C96-BFAB-E520E8BDE09E}"
EndProject
Project("{9A19103F-16F7-4668-BE54-9A1E7A4F7556}") = "Training_8.Tests", "Training_8.Tests\Training_8.Tests.csproj", "{92A094FF-37FB-486A-ADDB-8808A037AE08}"
EndProject
Project("{2150E333-8FDC-42A3-9474-1A3956D46DE8}") = "OneDrive.ConsoleApp", "OneDrive.ConsoleApp", "{9E9756DF-093E-4714-91CE-18E2D1D1708D}"
EndProject
Project("{FAE04EC0-301F-11D3-BF4B-00C04F79EFBC}") = "OneDrive.ExcelRunner", "OneDrive.ConsoleApp\OneDrive.ExcelRunner\OneDrive.ExcelRunner.csproj", "{8EE6631E-C7E2-41AF-84F6-660672B0F33C}"
EndProject
Project("{FAE04EC0-301F-11D3-BF4B-00C04F79EFBC}") = "OneDrive.GraphClientFactory", "OneDrive.ConsoleApp\OneDrive.GraphClientFactory\OneDrive.GraphClientFactory.csproj", "{DF76DFE5-5ECB-41CB-8E85-D7763225E15C}"
EndProject
Global
	GlobalSection(SolutionConfigurationPlatforms) = preSolution
		Debug|Any CPU = Debug|Any CPU
		Release|Any CPU = Release|Any CPU
	EndGlobalSection
	GlobalSection(ProjectConfigurationPlatforms) = postSolution
		{54D6B8CE-C3B1-414A-884F-C7BD6ECA7817}.Debug|Any CPU.ActiveCfg = Debug|Any CPU
		{54D6B8CE-C3B1-414A-884F-C7BD6ECA7817}.Debug|Any CPU.Build.0 = Debug|Any CPU
		{54D6B8CE-C3B1-414A-884F-C7BD6ECA7817}.Release|Any CPU.ActiveCfg = Release|Any CPU
		{54D6B8CE-C3B1-414A-884F-C7BD6ECA7817}.Release|Any CPU.Build.0 = Release|Any CPU
		{6C3BBD0C-4CD4-49F8-ADD6-4D84AF4B77A2}.Debug|Any CPU.ActiveCfg = Debug|Any CPU
		{6C3BBD0C-4CD4-49F8-ADD6-4D84AF4B77A2}.Debug|Any CPU.Build.0 = Debug|Any CPU
		{6C3BBD0C-4CD4-49F8-ADD6-4D84AF4B77A2}.Release|Any CPU.ActiveCfg = Release|Any CPU
		{6C3BBD0C-4CD4-49F8-ADD6-4D84AF4B77A2}.Release|Any CPU.Build.0 = Release|Any CPU
		{508BBD1B-DA23-4AFD-AA35-8CA66B2F7EEA}.Debug|Any CPU.ActiveCfg = Debug|Any CPU
		{508BBD1B-DA23-4AFD-AA35-8CA66B2F7EEA}.Debug|Any CPU.Build.0 = Debug|Any CPU
		{508BBD1B-DA23-4AFD-AA35-8CA66B2F7EEA}.Release|Any CPU.ActiveCfg = Release|Any CPU
		{508BBD1B-DA23-4AFD-AA35-8CA66B2F7EEA}.Release|Any CPU.Build.0 = Release|Any CPU
		{AB71F152-EEF8-4B7A-A1EA-73E7A3EB2789}.Debug|Any CPU.ActiveCfg = Debug|Any CPU
		{AB71F152-EEF8-4B7A-A1EA-73E7A3EB2789}.Debug|Any CPU.Build.0 = Debug|Any CPU
		{AB71F152-EEF8-4B7A-A1EA-73E7A3EB2789}.Release|Any CPU.ActiveCfg = Release|Any CPU
		{AB71F152-EEF8-4B7A-A1EA-73E7A3EB2789}.Release|Any CPU.Build.0 = Release|Any CPU
		{8EF72FD9-C9D9-4C63-939E-DFE062F41D5D}.Debug|Any CPU.ActiveCfg = Debug|Any CPU
		{8EF72FD9-C9D9-4C63-939E-DFE062F41D5D}.Debug|Any CPU.Build.0 = Debug|Any CPU
		{8EF72FD9-C9D9-4C63-939E-DFE062F41D5D}.Release|Any CPU.ActiveCfg = Release|Any CPU
		{8EF72FD9-C9D9-4C63-939E-DFE062F41D5D}.Release|Any CPU.Build.0 = Release|Any CPU
		{73D3F140-2B8C-49D6-AAF4-B673014858B6}.Debug|Any CPU.ActiveCfg = Debug|Any CPU
		{73D3F140-2B8C-49D6-AAF4-B673014858B6}.Debug|Any CPU.Build.0 = Debug|Any CPU
		{73D3F140-2B8C-49D6-AAF4-B673014858B6}.Release|Any CPU.ActiveCfg = Release|Any CPU
		{73D3F140-2B8C-49D6-AAF4-B673014858B6}.Release|Any CPU.Build.0 = Release|Any CPU
		{E5A601A4-CF47-43E7-A398-9403284C1B09}.Debug|Any CPU.ActiveCfg = Debug|Any CPU
		{E5A601A4-CF47-43E7-A398-9403284C1B09}.Debug|Any CPU.Build.0 = Debug|Any CPU
		{E5A601A4-CF47-43E7-A398-9403284C1B09}.Release|Any CPU.ActiveCfg = Release|Any CPU
		{E5A601A4-CF47-43E7-A398-9403284C1B09}.Release|Any CPU.Build.0 = Release|Any CPU
		{5AAF211D-DEFD-42C4-8A93-6E3A5369C17B}.Debug|Any CPU.ActiveCfg = Debug|Any CPU
		{5AAF211D-DEFD-42C4-8A93-6E3A5369C17B}.Debug|Any CPU.Build.0 = Debug|Any CPU
		{5AAF211D-DEFD-42C4-8A93-6E3A5369C17B}.Release|Any CPU.ActiveCfg = Release|Any CPU
		{5AAF211D-DEFD-42C4-8A93-6E3A5369C17B}.Release|Any CPU.Build.0 = Release|Any CPU
		{31BB7419-B235-44DF-A1BB-4D7C86EC27FF}.Debug|Any CPU.ActiveCfg = Debug|Any CPU
		{31BB7419-B235-44DF-A1BB-4D7C86EC27FF}.Debug|Any CPU.Build.0 = Debug|Any CPU
		{31BB7419-B235-44DF-A1BB-4D7C86EC27FF}.Release|Any CPU.ActiveCfg = Release|Any CPU
		{31BB7419-B235-44DF-A1BB-4D7C86EC27FF}.Release|Any CPU.Build.0 = Release|Any CPU
		{A0F2564A-1C5E-4F7C-B26E-6D7C80D09C58}.Debug|Any CPU.ActiveCfg = Debug|Any CPU
		{A0F2564A-1C5E-4F7C-B26E-6D7C80D09C58}.Debug|Any CPU.Build.0 = Debug|Any CPU
		{A0F2564A-1C5E-4F7C-B26E-6D7C80D09C58}.Release|Any CPU.ActiveCfg = Release|Any CPU
		{A0F2564A-1C5E-4F7C-B26E-6D7C80D09C58}.Release|Any CPU.Build.0 = Release|Any CPU
		{3D104736-F538-4657-97A9-40E8D080933A}.Debug|Any CPU.ActiveCfg = Debug|Any CPU
		{3D104736-F538-4657-97A9-40E8D080933A}.Debug|Any CPU.Build.0 = Debug|Any CPU
		{3D104736-F538-4657-97A9-40E8D080933A}.Release|Any CPU.ActiveCfg = Release|Any CPU
		{3D104736-F538-4657-97A9-40E8D080933A}.Release|Any CPU.Build.0 = Release|Any CPU
		{01C0235D-FA75-499B-AF1B-46B31AEC7973}.Debug|Any CPU.ActiveCfg = Debug|Any CPU
		{01C0235D-FA75-499B-AF1B-46B31AEC7973}.Debug|Any CPU.Build.0 = Debug|Any CPU
		{01C0235D-FA75-499B-AF1B-46B31AEC7973}.Release|Any CPU.ActiveCfg = Release|Any CPU
		{01C0235D-FA75-499B-AF1B-46B31AEC7973}.Release|Any CPU.Build.0 = Release|Any CPU
		{B6403C82-166A-41B2-A667-5A067143190B}.Debug|Any CPU.ActiveCfg = Debug|Any CPU
		{B6403C82-166A-41B2-A667-5A067143190B}.Debug|Any CPU.Build.0 = Debug|Any CPU
		{B6403C82-166A-41B2-A667-5A067143190B}.Release|Any CPU.ActiveCfg = Release|Any CPU
		{B6403C82-166A-41B2-A667-5A067143190B}.Release|Any CPU.Build.0 = Release|Any CPU
		{ABF1C1E9-DD7D-4847-AB84-84E77C250F36}.Debug|Any CPU.ActiveCfg = Debug|Any CPU
		{ABF1C1E9-DD7D-4847-AB84-84E77C250F36}.Debug|Any CPU.Build.0 = Debug|Any CPU
		{ABF1C1E9-DD7D-4847-AB84-84E77C250F36}.Release|Any CPU.ActiveCfg = Release|Any CPU
		{ABF1C1E9-DD7D-4847-AB84-84E77C250F36}.Release|Any CPU.Build.0 = Release|Any CPU
		{8B83CA68-31FD-4C96-BFAB-E520E8BDE09E}.Debug|Any CPU.ActiveCfg = Debug|Any CPU
		{8B83CA68-31FD-4C96-BFAB-E520E8BDE09E}.Debug|Any CPU.Build.0 = Debug|Any CPU
		{8B83CA68-31FD-4C96-BFAB-E520E8BDE09E}.Release|Any CPU.ActiveCfg = Release|Any CPU
		{8B83CA68-31FD-4C96-BFAB-E520E8BDE09E}.Release|Any CPU.Build.0 = Release|Any CPU
		{92A094FF-37FB-486A-ADDB-8808A037AE08}.Debug|Any CPU.ActiveCfg = Debug|Any CPU
		{92A094FF-37FB-486A-ADDB-8808A037AE08}.Debug|Any CPU.Build.0 = Debug|Any CPU
		{92A094FF-37FB-486A-ADDB-8808A037AE08}.Release|Any CPU.ActiveCfg = Release|Any CPU
		{92A094FF-37FB-486A-ADDB-8808A037AE08}.Release|Any CPU.Build.0 = Release|Any CPU
		{8EE6631E-C7E2-41AF-84F6-660672B0F33C}.Debug|Any CPU.ActiveCfg = Debug|Any CPU
		{8EE6631E-C7E2-41AF-84F6-660672B0F33C}.Debug|Any CPU.Build.0 = Debug|Any CPU
		{8EE6631E-C7E2-41AF-84F6-660672B0F33C}.Release|Any CPU.ActiveCfg = Release|Any CPU
		{8EE6631E-C7E2-41AF-84F6-660672B0F33C}.Release|Any CPU.Build.0 = Release|Any CPU
		{DF76DFE5-5ECB-41CB-8E85-D7763225E15C}.Debug|Any CPU.ActiveCfg = Debug|Any CPU
		{DF76DFE5-5ECB-41CB-8E85-D7763225E15C}.Debug|Any CPU.Build.0 = Debug|Any CPU
		{DF76DFE5-5ECB-41CB-8E85-D7763225E15C}.Release|Any CPU.ActiveCfg = Release|Any CPU
		{DF76DFE5-5ECB-41CB-8E85-D7763225E15C}.Release|Any CPU.Build.0 = Release|Any CPU
	EndGlobalSection
	GlobalSection(SolutionProperties) = preSolution
		HideSolutionNode = FALSE
	EndGlobalSection
	GlobalSection(NestedProjects) = preSolution
		{8EE6631E-C7E2-41AF-84F6-660672B0F33C} = {9E9756DF-093E-4714-91CE-18E2D1D1708D}
		{DF76DFE5-5ECB-41CB-8E85-D7763225E15C} = {9E9756DF-093E-4714-91CE-18E2D1D1708D}
	EndGlobalSection
	GlobalSection(ExtensibilityGlobals) = postSolution
		SolutionGuid = {BACC64C8-E05A-457A-B107-219404A3A732}
	EndGlobalSection
EndGlobal
